
Microsoft Visual Studio Solution File, Format Version 12.00
# Visual Studio 15
VisualStudioVersion = 15.0.28307.168
MinimumVisualStudioVersion = 10.0.40219.1
Project("{FAE04EC0-301F-11D3-BF4B-00C04F79EFBC}") = "QuartzExamples", "QuartzExamples\QuartzExamples.csproj", "{625406F5-5E2F-4B3B-8589-C25760B44EB0}"
EndProject
Global
	GlobalSection(SolutionConfigurationPlatforms) = preSolution
		Debug|Any CPU = Debug|Any CPU
		Release|Any CPU = Release|Any CPU
	EndGlobalSection
	GlobalSection(ProjectConfigurationPlatforms) = postSolution
		{625406F5-5E2F-4B3B-8589-C25760B44EB0}.Debug|Any CPU.ActiveCfg = Debug|Any CPU
		{625406F5-5E2F-4B3B-8589-C25760B44EB0}.Debug|Any CPU.Build.0 = Debug|Any CPU
		{625406F5-5E2F-4B3B-8589-C25760B44EB0}.Release|Any CPU.ActiveCfg = Release|Any CPU
		{625406F5-5E2F-4B3B-8589-C25760B44EB0}.Release|Any CPU.Build.0 = Release|Any CPU
	EndGlobalSection
	GlobalSection(SolutionProperties) = preSolution
		HideSolutionNode = FALSE
	EndGlobalSection
	GlobalSection(ExtensibilityGlobals) = postSolution
		SolutionGuid = {40C83321-49CD-431D-BE57-F5133ED1E5EA}
	EndGlobalSection
EndGlobal
